
Microsoft Visual Studio Solution File, Format Version 12.00
# Visual Studio Version 17
VisualStudioVersion = 17.8.34408.163
MinimumVisualStudioVersion = 10.0.40219.1
Project("{FAE04EC0-301F-11D3-BF4B-00C04F79EFBC}") = "CSharpOdai_20240101", "CSharpOdai_20240101\CSharpOdai_20240101.csproj", "{316A25F1-582C-47FB-9BF8-1428846D87B5}"
EndProject
Global
	GlobalSection(SolutionConfigurationPlatforms) = preSolution
		Debug|Any CPU = Debug|Any CPU
		Release|Any CPU = Release|Any CPU
	EndGlobalSection
	GlobalSection(ProjectConfigurationPlatforms) = postSolution
		{316A25F1-582C-47FB-9BF8-1428846D87B5}.Debug|Any CPU.ActiveCfg = Debug|Any CPU
		{316A25F1-582C-47FB-9BF8-1428846D87B5}.Debug|Any CPU.Build.0 = Debug|Any CPU
		{316A25F1-582C-47FB-9BF8-1428846D87B5}.Release|Any CPU.ActiveCfg = Release|Any CPU
		{316A25F1-582C-47FB-9BF8-1428846D87B5}.Release|Any CPU.Build.0 = Release|Any CPU
	EndGlobalSection
	GlobalSection(SolutionProperties) = preSolution
		HideSolutionNode = FALSE
	EndGlobalSection
	GlobalSection(ExtensibilityGlobals) = postSolution
		SolutionGuid = {A5990E2A-FEFA-4F67-87A9-D966B95BE784}
	EndGlobalSection
EndGlobal
